
Microsoft Visual Studio Solution File, Format Version 12.00
# Visual Studio Version 17
VisualStudioVersion = 17.8.34330.188
MinimumVisualStudioVersion = 10.0.40219.1
Project("{FAE04EC0-301F-11D3-BF4B-00C04F79EFBC}") = "Webapp", "Webapp\Webapp.csproj", "{C7052A2C-178F-4075-A40E-769EBA608AAF}"
EndProject
Global
	GlobalSection(SolutionConfigurationPlatforms) = preSolution
		Debug|Any CPU = Debug|Any CPU
		Release|Any CPU = Release|Any CPU
	EndGlobalSection
	GlobalSection(ProjectConfigurationPlatforms) = postSolution
		{C7052A2C-178F-4075-A40E-769EBA608AAF}.Debug|Any CPU.ActiveCfg = Debug|Any CPU
		{C7052A2C-178F-4075-A40E-769EBA608AAF}.Debug|Any CPU.Build.0 = Debug|Any CPU
		{C7052A2C-178F-4075-A40E-769EBA608AAF}.Release|Any CPU.ActiveCfg = Release|Any CPU
		{C7052A2C-178F-4075-A40E-769EBA608AAF}.Release|Any CPU.Build.0 = Release|Any CPU
	EndGlobalSection
	GlobalSection(SolutionProperties) = preSolution
		HideSolutionNode = FALSE
	EndGlobalSection
	GlobalSection(ExtensibilityGlobals) = postSolution
		SolutionGuid = {E17EA7F3-FC7F-4990-B92E-4C5946D2A778}
	EndGlobalSection
EndGlobal
